// !$*UTF8*$!
{
	archiveVersion = 1;
	classes = {
	};
	objectVersion = 46;
	objects = {

/* Begin PBXBuildFile section */
		52010A4D34D3D0F467F56E1F /* Pods_tcc_swiftTests.framework in Frameworks */ = {isa = PBXBuildFile; fileRef = 709C3E8AE185A36D01CE385D /* Pods_tcc_swiftTests.framework */; };
		A36818ACC82D1DE074590D5B /* Pods_tcc_swift.framework in Frameworks */ = {isa = PBXBuildFile; fileRef = 0827DFA0CF9CBD8E5A198FD4 /* Pods_tcc_swift.framework */; };
		CBE2D4C7B96D8A453563877C /* Pods_tcc_swiftUITests.framework in Frameworks */ = {isa = PBXBuildFile; fileRef = 2515906248D3C2DBC1246840 /* Pods_tcc_swiftUITests.framework */; };
		CC1448C81D56E52C00223FD4 /* AppDelegate.swift in Sources */ = {isa = PBXBuildFile; fileRef = CC1448C71D56E52C00223FD4 /* AppDelegate.swift */; };
		CC1448CA1D56E52C00223FD4 /* ViewController.swift in Sources */ = {isa = PBXBuildFile; fileRef = CC1448C91D56E52C00223FD4 /* ViewController.swift */; };
		CC1448CD1D56E52C00223FD4 /* Main.storyboard in Resources */ = {isa = PBXBuildFile; fileRef = CC1448CB1D56E52C00223FD4 /* Main.storyboard */; };
		CC1448D01D56E52C00223FD4 /* alternative.xcdatamodeld in Sources */ = {isa = PBXBuildFile; fileRef = CC1448CE1D56E52C00223FD4 /* alternative.xcdatamodeld */; };
		CC1448D21D56E52C00223FD4 /* Assets.xcassets in Resources */ = {isa = PBXBuildFile; fileRef = CC1448D11D56E52C00223FD4 /* Assets.xcassets */; };
		CC1448D51D56E52C00223FD4 /* LaunchScreen.storyboard in Resources */ = {isa = PBXBuildFile; fileRef = CC1448D31D56E52C00223FD4 /* LaunchScreen.storyboard */; };
		CC1448E01D56E52C00223FD4 /* tcc_swiftTests.swift in Sources */ = {isa = PBXBuildFile; fileRef = CC1448DF1D56E52C00223FD4 /* tcc_swiftTests.swift */; };
		CC1448EB1D56E52C00223FD4 /* tcc_swiftUITests.swift in Sources */ = {isa = PBXBuildFile; fileRef = CC1448EA1D56E52C00223FD4 /* tcc_swiftUITests.swift */; };
		CC1448FA1D56EE2600223FD4 /* model_tcc_swift.xcdatamodeld in Sources */ = {isa = PBXBuildFile; fileRef = CC1448F81D56EE2600223FD4 /* model_tcc_swift.xcdatamodeld */; };
		CC14494B1D56F3D100223FD4 /* Admin.swift in Sources */ = {isa = PBXBuildFile; fileRef = CC1449311D56F3D100223FD4 /* Admin.swift */; };
		CC14494C1D56F3D100223FD4 /* Admin+CoreDataProperties.swift in Sources */ = {isa = PBXBuildFile; fileRef = CC1449321D56F3D100223FD4 /* Admin+CoreDataProperties.swift */; };
		CC14494D1D56F3D100223FD4 /* City.swift in Sources */ = {isa = PBXBuildFile; fileRef = CC1449331D56F3D100223FD4 /* City.swift */; };
		CC14494E1D56F3D100223FD4 /* City+CoreDataProperties.swift in Sources */ = {isa = PBXBuildFile; fileRef = CC1449341D56F3D100223FD4 /* City+CoreDataProperties.swift */; };
		CC14494F1D56F3D100223FD4 /* Company.swift in Sources */ = {isa = PBXBuildFile; fileRef = CC1449351D56F3D100223FD4 /* Company.swift */; };
		CC1449501D56F3D100223FD4 /* Company+CoreDataProperties.swift in Sources */ = {isa = PBXBuildFile; fileRef = CC1449361D56F3D100223FD4 /* Company+CoreDataProperties.swift */; };
		CC1449511D56F3D100223FD4 /* Country.swift in Sources */ = {isa = PBXBuildFile; fileRef = CC1449371D56F3D100223FD4 /* Country.swift */; };
		CC1449521D56F3D100223FD4 /* Country+CoreDataProperties.swift in Sources */ = {isa = PBXBuildFile; fileRef = CC1449381D56F3D100223FD4 /* Country+CoreDataProperties.swift */; };
		CC1449531D56F3D100223FD4 /* Event.swift in Sources */ = {isa = PBXBuildFile; fileRef = CC1449391D56F3D100223FD4 /* Event.swift */; };
		CC1449541D56F3D100223FD4 /* Event+CoreDataProperties.swift in Sources */ = {isa = PBXBuildFile; fileRef = CC14493A1D56F3D100223FD4 /* Event+CoreDataProperties.swift */; };
		CC1449551D56F3D100223FD4 /* EventCategory.swift in Sources */ = {isa = PBXBuildFile; fileRef = CC14493B1D56F3D100223FD4 /* EventCategory.swift */; };
		CC1449561D56F3D100223FD4 /* EventCategory+CoreDataProperties.swift in Sources */ = {isa = PBXBuildFile; fileRef = CC14493C1D56F3D100223FD4 /* EventCategory+CoreDataProperties.swift */; };
		CC1449571D56F3D100223FD4 /* EventType.swift in Sources */ = {isa = PBXBuildFile; fileRef = CC14493D1D56F3D100223FD4 /* EventType.swift */; };
		CC1449581D56F3D100223FD4 /* EventType+CoreDataProperties.swift in Sources */ = {isa = PBXBuildFile; fileRef = CC14493E1D56F3D100223FD4 /* EventType+CoreDataProperties.swift */; };
		CC1449591D56F3D100223FD4 /* Guest.swift in Sources */ = {isa = PBXBuildFile; fileRef = CC14493F1D56F3D100223FD4 /* Guest.swift */; };
		CC14495A1D56F3D100223FD4 /* Guest+CoreDataProperties.swift in Sources */ = {isa = PBXBuildFile; fileRef = CC1449401D56F3D100223FD4 /* Guest+CoreDataProperties.swift */; };
		CC14495B1D56F3D100223FD4 /* GuestType.swift in Sources */ = {isa = PBXBuildFile; fileRef = CC1449411D56F3D100223FD4 /* GuestType.swift */; };
		CC14495C1D56F3D100223FD4 /* GuestType+CoreDataProperties.swift in Sources */ = {isa = PBXBuildFile; fileRef = CC1449421D56F3D100223FD4 /* GuestType+CoreDataProperties.swift */; };
		CC14495D1D56F3D100223FD4 /* State.swift in Sources */ = {isa = PBXBuildFile; fileRef = CC1449431D56F3D100223FD4 /* State.swift */; };
		CC14495E1D56F3D100223FD4 /* State+CoreDataProperties.swift in Sources */ = {isa = PBXBuildFile; fileRef = CC1449441D56F3D100223FD4 /* State+CoreDataProperties.swift */; };
		CC14495F1D56F3D100223FD4 /* User.swift in Sources */ = {isa = PBXBuildFile; fileRef = CC1449451D56F3D100223FD4 /* User.swift */; };
		CC1449601D56F3D100223FD4 /* User+CoreDataProperties.swift in Sources */ = {isa = PBXBuildFile; fileRef = CC1449461D56F3D100223FD4 /* User+CoreDataProperties.swift */; };
		CC1449611D56F3D100223FD4 /* UserCompanyType.swift in Sources */ = {isa = PBXBuildFile; fileRef = CC1449471D56F3D100223FD4 /* UserCompanyType.swift */; };
		CC1449621D56F3D100223FD4 /* UserCompanyType+CoreDataProperties.swift in Sources */ = {isa = PBXBuildFile; fileRef = CC1449481D56F3D100223FD4 /* UserCompanyType+CoreDataProperties.swift */; };
		CC1449631D56F3D100223FD4 /* UserType.swift in Sources */ = {isa = PBXBuildFile; fileRef = CC1449491D56F3D100223FD4 /* UserType.swift */; };
		CC1449641D56F3D100223FD4 /* UserType+CoreDataProperties.swift in Sources */ = {isa = PBXBuildFile; fileRef = CC14494A1D56F3D100223FD4 /* UserType+CoreDataProperties.swift */; };
		F14981AB1D80D23800FCCA81 /* Imports.m in Sources */ = {isa = PBXBuildFile; fileRef = F14981AA1D80D23800FCCA81 /* Imports.m */; };
		F15BD3731D8102F60082F633 /* GoogleService-Info.plist in Resources */ = {isa = PBXBuildFile; fileRef = F15BD3721D8102F60082F633 /* GoogleService-Info.plist */; };
		F15BD3751D8103B20082F633 /* AddressBook.framework in Frameworks */ = {isa = PBXBuildFile; fileRef = F15BD3741D8103B20082F633 /* AddressBook.framework */; };
		F15BD3771D8103BA0082F633 /* SafariServices.framework in Frameworks */ = {isa = PBXBuildFile; fileRef = F15BD3761D8103BA0082F633 /* SafariServices.framework */; };
		F15BD3791D8103D00082F633 /* SystemConfiguration.framework in Frameworks */ = {isa = PBXBuildFile; fileRef = F15BD3781D8103D00082F633 /* SystemConfiguration.framework */; };
/* End PBXBuildFile section */

/* Begin PBXContainerItemProxy section */
		CC1448DC1D56E52C00223FD4 /* PBXContainerItemProxy */ = {
			isa = PBXContainerItemProxy;
			containerPortal = CC1448BC1D56E52B00223FD4 /* Project object */;
			proxyType = 1;
			remoteGlobalIDString = CC1448C31D56E52B00223FD4;
			remoteInfo = "tcc-swift";
		};
		CC1448E71D56E52C00223FD4 /* PBXContainerItemProxy */ = {
			isa = PBXContainerItemProxy;
			containerPortal = CC1448BC1D56E52B00223FD4 /* Project object */;
			proxyType = 1;
			remoteGlobalIDString = CC1448C31D56E52B00223FD4;
			remoteInfo = "tcc-swift";
		};
/* End PBXContainerItemProxy section */

/* Begin PBXFileReference section */
		0827DFA0CF9CBD8E5A198FD4 /* Pods_tcc_swift.framework */ = {isa = PBXFileReference; explicitFileType = wrapper.framework; includeInIndex = 0; path = Pods_tcc_swift.framework; sourceTree = BUILT_PRODUCTS_DIR; };
		2515906248D3C2DBC1246840 /* Pods_tcc_swiftUITests.framework */ = {isa = PBXFileReference; explicitFileType = wrapper.framework; includeInIndex = 0; path = Pods_tcc_swiftUITests.framework; sourceTree = BUILT_PRODUCTS_DIR; };
		35CE58DD9FFCF4FAC1765FBB /* Pods-tcc-swift.release.xcconfig */ = {isa = PBXFileReference; includeInIndex = 1; lastKnownFileType = text.xcconfig; name = "Pods-tcc-swift.release.xcconfig"; path = "Pods/Target Support Files/Pods-tcc-swift/Pods-tcc-swift.release.xcconfig"; sourceTree = "<group>"; };
		5784C002003AB6766C3C7839 /* Pods-tcc-swiftUITests.debug.xcconfig */ = {isa = PBXFileReference; includeInIndex = 1; lastKnownFileType = text.xcconfig; name = "Pods-tcc-swiftUITests.debug.xcconfig"; path = "Pods/Target Support Files/Pods-tcc-swiftUITests/Pods-tcc-swiftUITests.debug.xcconfig"; sourceTree = "<group>"; };
		5CB080E3CFAB3746324885EB /* Pods-tcc-swiftUITests.release.xcconfig */ = {isa = PBXFileReference; includeInIndex = 1; lastKnownFileType = text.xcconfig; name = "Pods-tcc-swiftUITests.release.xcconfig"; path = "Pods/Target Support Files/Pods-tcc-swiftUITests/Pods-tcc-swiftUITests.release.xcconfig"; sourceTree = "<group>"; };
		709C3E8AE185A36D01CE385D /* Pods_tcc_swiftTests.framework */ = {isa = PBXFileReference; explicitFileType = wrapper.framework; includeInIndex = 0; path = Pods_tcc_swiftTests.framework; sourceTree = BUILT_PRODUCTS_DIR; };
		BF15425DEA356B6CD5E30740 /* Pods-tcc-swiftTests.release.xcconfig */ = {isa = PBXFileReference; includeInIndex = 1; lastKnownFileType = text.xcconfig; name = "Pods-tcc-swiftTests.release.xcconfig"; path = "Pods/Target Support Files/Pods-tcc-swiftTests/Pods-tcc-swiftTests.release.xcconfig"; sourceTree = "<group>"; };
		CC1448C41D56E52B00223FD4 /* tcc-swift.app */ = {isa = PBXFileReference; explicitFileType = wrapper.application; includeInIndex = 0; path = "tcc-swift.app"; sourceTree = BUILT_PRODUCTS_DIR; };
		CC1448C71D56E52C00223FD4 /* AppDelegate.swift */ = {isa = PBXFileReference; lastKnownFileType = sourcecode.swift; path = AppDelegate.swift; sourceTree = "<group>"; };
		CC1448C91D56E52C00223FD4 /* ViewController.swift */ = {isa = PBXFileReference; lastKnownFileType = sourcecode.swift; path = ViewController.swift; sourceTree = "<group>"; };
		CC1448CC1D56E52C00223FD4 /* Base */ = {isa = PBXFileReference; lastKnownFileType = file.storyboard; name = Base; path = Base.lproj/Main.storyboard; sourceTree = "<group>"; };
		CC1448CF1D56E52C00223FD4 /* alternative.xcdatamodel */ = {isa = PBXFileReference; lastKnownFileType = wrapper.xcdatamodel; path = alternative.xcdatamodel; sourceTree = "<group>"; };
		CC1448D11D56E52C00223FD4 /* Assets.xcassets */ = {isa = PBXFileReference; lastKnownFileType = folder.assetcatalog; path = Assets.xcassets; sourceTree = "<group>"; };
		CC1448D41D56E52C00223FD4 /* Base */ = {isa = PBXFileReference; lastKnownFileType = file.storyboard; name = Base; path = Base.lproj/LaunchScreen.storyboard; sourceTree = "<group>"; };
		CC1448D61D56E52C00223FD4 /* Info.plist */ = {isa = PBXFileReference; lastKnownFileType = text.plist.xml; path = Info.plist; sourceTree = "<group>"; };
		CC1448DB1D56E52C00223FD4 /* tcc-swiftTests.xctest */ = {isa = PBXFileReference; explicitFileType = wrapper.cfbundle; includeInIndex = 0; path = "tcc-swiftTests.xctest"; sourceTree = BUILT_PRODUCTS_DIR; };
		CC1448DF1D56E52C00223FD4 /* tcc_swiftTests.swift */ = {isa = PBXFileReference; lastKnownFileType = sourcecode.swift; path = tcc_swiftTests.swift; sourceTree = "<group>"; };
		CC1448E11D56E52C00223FD4 /* Info.plist */ = {isa = PBXFileReference; lastKnownFileType = text.plist.xml; path = Info.plist; sourceTree = "<group>"; };
		CC1448E61D56E52C00223FD4 /* tcc-swiftUITests.xctest */ = {isa = PBXFileReference; explicitFileType = wrapper.cfbundle; includeInIndex = 0; path = "tcc-swiftUITests.xctest"; sourceTree = BUILT_PRODUCTS_DIR; };
		CC1448EA1D56E52C00223FD4 /* tcc_swiftUITests.swift */ = {isa = PBXFileReference; lastKnownFileType = sourcecode.swift; path = tcc_swiftUITests.swift; sourceTree = "<group>"; };
		CC1448EC1D56E52C00223FD4 /* Info.plist */ = {isa = PBXFileReference; lastKnownFileType = text.plist.xml; path = Info.plist; sourceTree = "<group>"; };
		CC1448F91D56EE2600223FD4 /* model_tcc_swift.xcdatamodel */ = {isa = PBXFileReference; lastKnownFileType = wrapper.xcdatamodel; path = model_tcc_swift.xcdatamodel; sourceTree = "<group>"; };
		CC1449311D56F3D100223FD4 /* Admin.swift */ = {isa = PBXFileReference; fileEncoding = 4; lastKnownFileType = sourcecode.swift; path = Admin.swift; sourceTree = "<group>"; };
		CC1449321D56F3D100223FD4 /* Admin+CoreDataProperties.swift */ = {isa = PBXFileReference; fileEncoding = 4; lastKnownFileType = sourcecode.swift; path = "Admin+CoreDataProperties.swift"; sourceTree = "<group>"; };
		CC1449331D56F3D100223FD4 /* City.swift */ = {isa = PBXFileReference; fileEncoding = 4; lastKnownFileType = sourcecode.swift; path = City.swift; sourceTree = "<group>"; };
		CC1449341D56F3D100223FD4 /* City+CoreDataProperties.swift */ = {isa = PBXFileReference; fileEncoding = 4; lastKnownFileType = sourcecode.swift; path = "City+CoreDataProperties.swift"; sourceTree = "<group>"; };
		CC1449351D56F3D100223FD4 /* Company.swift */ = {isa = PBXFileReference; fileEncoding = 4; lastKnownFileType = sourcecode.swift; path = Company.swift; sourceTree = "<group>"; };
		CC1449361D56F3D100223FD4 /* Company+CoreDataProperties.swift */ = {isa = PBXFileReference; fileEncoding = 4; lastKnownFileType = sourcecode.swift; path = "Company+CoreDataProperties.swift"; sourceTree = "<group>"; };
		CC1449371D56F3D100223FD4 /* Country.swift */ = {isa = PBXFileReference; fileEncoding = 4; lastKnownFileType = sourcecode.swift; path = Country.swift; sourceTree = "<group>"; };
		CC1449381D56F3D100223FD4 /* Country+CoreDataProperties.swift */ = {isa = PBXFileReference; fileEncoding = 4; lastKnownFileType = sourcecode.swift; path = "Country+CoreDataProperties.swift"; sourceTree = "<group>"; };
		CC1449391D56F3D100223FD4 /* Event.swift */ = {isa = PBXFileReference; fileEncoding = 4; lastKnownFileType = sourcecode.swift; path = Event.swift; sourceTree = "<group>"; };
		CC14493A1D56F3D100223FD4 /* Event+CoreDataProperties.swift */ = {isa = PBXFileReference; fileEncoding = 4; lastKnownFileType = sourcecode.swift; path = "Event+CoreDataProperties.swift"; sourceTree = "<group>"; };
		CC14493B1D56F3D100223FD4 /* EventCategory.swift */ = {isa = PBXFileReference; fileEncoding = 4; lastKnownFileType = sourcecode.swift; path = EventCategory.swift; sourceTree = "<group>"; };
		CC14493C1D56F3D100223FD4 /* EventCategory+CoreDataProperties.swift */ = {isa = PBXFileReference; fileEncoding = 4; lastKnownFileType = sourcecode.swift; path = "EventCategory+CoreDataProperties.swift"; sourceTree = "<group>"; };
		CC14493D1D56F3D100223FD4 /* EventType.swift */ = {isa = PBXFileReference; fileEncoding = 4; lastKnownFileType = sourcecode.swift; path = EventType.swift; sourceTree = "<group>"; };
		CC14493E1D56F3D100223FD4 /* EventType+CoreDataProperties.swift */ = {isa = PBXFileReference; fileEncoding = 4; lastKnownFileType = sourcecode.swift; path = "EventType+CoreDataProperties.swift"; sourceTree = "<group>"; };
		CC14493F1D56F3D100223FD4 /* Guest.swift */ = {isa = PBXFileReference; fileEncoding = 4; lastKnownFileType = sourcecode.swift; path = Guest.swift; sourceTree = "<group>"; };
		CC1449401D56F3D100223FD4 /* Guest+CoreDataProperties.swift */ = {isa = PBXFileReference; fileEncoding = 4; lastKnownFileType = sourcecode.swift; path = "Guest+CoreDataProperties.swift"; sourceTree = "<group>"; };
		CC1449411D56F3D100223FD4 /* GuestType.swift */ = {isa = PBXFileReference; fileEncoding = 4; lastKnownFileType = sourcecode.swift; path = GuestType.swift; sourceTree = "<group>"; };
		CC1449421D56F3D100223FD4 /* GuestType+CoreDataProperties.swift */ = {isa = PBXFileReference; fileEncoding = 4; lastKnownFileType = sourcecode.swift; path = "GuestType+CoreDataProperties.swift"; sourceTree = "<group>"; };
		CC1449431D56F3D100223FD4 /* State.swift */ = {isa = PBXFileReference; fileEncoding = 4; lastKnownFileType = sourcecode.swift; path = State.swift; sourceTree = "<group>"; };
		CC1449441D56F3D100223FD4 /* State+CoreDataProperties.swift */ = {isa = PBXFileReference; fileEncoding = 4; lastKnownFileType = sourcecode.swift; path = "State+CoreDataProperties.swift"; sourceTree = "<group>"; };
		CC1449451D56F3D100223FD4 /* User.swift */ = {isa = PBXFileReference; fileEncoding = 4; lastKnownFileType = sourcecode.swift; path = User.swift; sourceTree = "<group>"; };
		CC1449461D56F3D100223FD4 /* User+CoreDataProperties.swift */ = {isa = PBXFileReference; fileEncoding = 4; lastKnownFileType = sourcecode.swift; path = "User+CoreDataProperties.swift"; sourceTree = "<group>"; };
		CC1449471D56F3D100223FD4 /* UserCompanyType.swift */ = {isa = PBXFileReference; fileEncoding = 4; lastKnownFileType = sourcecode.swift; path = UserCompanyType.swift; sourceTree = "<group>"; };
		CC1449481D56F3D100223FD4 /* UserCompanyType+CoreDataProperties.swift */ = {isa = PBXFileReference; fileEncoding = 4; lastKnownFileType = sourcecode.swift; path = "UserCompanyType+CoreDataProperties.swift"; sourceTree = "<group>"; };
		CC1449491D56F3D100223FD4 /* UserType.swift */ = {isa = PBXFileReference; fileEncoding = 4; lastKnownFileType = sourcecode.swift; path = UserType.swift; sourceTree = "<group>"; };
		CC14494A1D56F3D100223FD4 /* UserType+CoreDataProperties.swift */ = {isa = PBXFileReference; fileEncoding = 4; lastKnownFileType = sourcecode.swift; path = "UserType+CoreDataProperties.swift"; sourceTree = "<group>"; };
		CD19BE20CBBD20BB0A77A2CF /* Pods-tcc-swiftTests.debug.xcconfig */ = {isa = PBXFileReference; includeInIndex = 1; lastKnownFileType = text.xcconfig; name = "Pods-tcc-swiftTests.debug.xcconfig"; path = "Pods/Target Support Files/Pods-tcc-swiftTests/Pods-tcc-swiftTests.debug.xcconfig"; sourceTree = "<group>"; };
		E538E41AD383FB336EB3A5EB /* Pods-tcc-swift.debug.xcconfig */ = {isa = PBXFileReference; includeInIndex = 1; lastKnownFileType = text.xcconfig; name = "Pods-tcc-swift.debug.xcconfig"; path = "Pods/Target Support Files/Pods-tcc-swift/Pods-tcc-swift.debug.xcconfig"; sourceTree = "<group>"; };
		F14981A51D80D1C800FCCA81 /* FBSDKCoreKit.framework */ = {isa = PBXFileReference; lastKnownFileType = wrapper.framework; path = FBSDKCoreKit.framework; sourceTree = "<group>"; };
		F14981A61D80D1C800FCCA81 /* FBSDKLoginKit.framework */ = {isa = PBXFileReference; lastKnownFileType = wrapper.framework; path = FBSDKLoginKit.framework; sourceTree = "<group>"; };
		F14981A91D80D23700FCCA81 /* tcc-swift-Bridging-Header.h */ = {isa = PBXFileReference; lastKnownFileType = sourcecode.c.h; path = "tcc-swift-Bridging-Header.h"; sourceTree = "<group>"; };
		F14981AA1D80D23800FCCA81 /* Imports.m */ = {isa = PBXFileReference; fileEncoding = 4; lastKnownFileType = sourcecode.c.objc; path = Imports.m; sourceTree = "<group>"; };
		F15BD3721D8102F60082F633 /* GoogleService-Info.plist */ = {isa = PBXFileReference; fileEncoding = 4; lastKnownFileType = text.plist.xml; path = "GoogleService-Info.plist"; sourceTree = "<group>"; };
		F15BD3741D8103B20082F633 /* AddressBook.framework */ = {isa = PBXFileReference; lastKnownFileType = wrapper.framework; name = AddressBook.framework; path = System/Library/Frameworks/AddressBook.framework; sourceTree = SDKROOT; };
		F15BD3761D8103BA0082F633 /* SafariServices.framework */ = {isa = PBXFileReference; lastKnownFileType = wrapper.framework; name = SafariServices.framework; path = System/Library/Frameworks/SafariServices.framework; sourceTree = SDKROOT; };
		F15BD3781D8103D00082F633 /* SystemConfiguration.framework */ = {isa = PBXFileReference; lastKnownFileType = wrapper.framework; name = SystemConfiguration.framework; path = System/Library/Frameworks/SystemConfiguration.framework; sourceTree = SDKROOT; };
/* End PBXFileReference section */

/* Begin PBXFrameworksBuildPhase section */
		CC1448C11D56E52B00223FD4 /* Frameworks */ = {
			isa = PBXFrameworksBuildPhase;
			buildActionMask = 2147483647;
			files = (
				F15BD3791D8103D00082F633 /* SystemConfiguration.framework in Frameworks */,
				F15BD3771D8103BA0082F633 /* SafariServices.framework in Frameworks */,
				F15BD3751D8103B20082F633 /* AddressBook.framework in Frameworks */,
				A36818ACC82D1DE074590D5B /* Pods_tcc_swift.framework in Frameworks */,
			);
			runOnlyForDeploymentPostprocessing = 0;
		};
		CC1448D81D56E52C00223FD4 /* Frameworks */ = {
			isa = PBXFrameworksBuildPhase;
			buildActionMask = 2147483647;
			files = (
				52010A4D34D3D0F467F56E1F /* Pods_tcc_swiftTests.framework in Frameworks */,
			);
			runOnlyForDeploymentPostprocessing = 0;
		};
		CC1448E31D56E52C00223FD4 /* Frameworks */ = {
			isa = PBXFrameworksBuildPhase;
			buildActionMask = 2147483647;
			files = (
				CBE2D4C7B96D8A453563877C /* Pods_tcc_swiftUITests.framework in Frameworks */,
			);
			runOnlyForDeploymentPostprocessing = 0;
		};
/* End PBXFrameworksBuildPhase section */

/* Begin PBXGroup section */
		181C85109F70EE736C7F98E8 /* Pods */ = {
			isa = PBXGroup;
			children = (
				E538E41AD383FB336EB3A5EB /* Pods-tcc-swift.debug.xcconfig */,
				35CE58DD9FFCF4FAC1765FBB /* Pods-tcc-swift.release.xcconfig */,
				CD19BE20CBBD20BB0A77A2CF /* Pods-tcc-swiftTests.debug.xcconfig */,
				BF15425DEA356B6CD5E30740 /* Pods-tcc-swiftTests.release.xcconfig */,
				5784C002003AB6766C3C7839 /* Pods-tcc-swiftUITests.debug.xcconfig */,
				5CB080E3CFAB3746324885EB /* Pods-tcc-swiftUITests.release.xcconfig */,
			);
			name = Pods;
			sourceTree = "<group>";
		};
		3B5FE6243113BF1293AB1DF7 /* Frameworks */ = {
			isa = PBXGroup;
			children = (
				F15BD3781D8103D00082F633 /* SystemConfiguration.framework */,
				F15BD3761D8103BA0082F633 /* SafariServices.framework */,
				F15BD3741D8103B20082F633 /* AddressBook.framework */,
				F14981A51D80D1C800FCCA81 /* FBSDKCoreKit.framework */,
				F14981A61D80D1C800FCCA81 /* FBSDKLoginKit.framework */,
				0827DFA0CF9CBD8E5A198FD4 /* Pods_tcc_swift.framework */,
				709C3E8AE185A36D01CE385D /* Pods_tcc_swiftTests.framework */,
				2515906248D3C2DBC1246840 /* Pods_tcc_swiftUITests.framework */,
			);
			name = Frameworks;
			sourceTree = "<group>";
		};
		CC1448BB1D56E52B00223FD4 = {
			isa = PBXGroup;
			children = (
				CC1448C61D56E52B00223FD4 /* tcc-swift */,
				CC1448DE1D56E52C00223FD4 /* tcc-swiftTests */,
				CC1448E91D56E52C00223FD4 /* tcc-swiftUITests */,
				CC1448C51D56E52B00223FD4 /* Products */,
				181C85109F70EE736C7F98E8 /* Pods */,
				3B5FE6243113BF1293AB1DF7 /* Frameworks */,
			);
			sourceTree = "<group>";
		};
		CC1448C51D56E52B00223FD4 /* Products */ = {
			isa = PBXGroup;
			children = (
				CC1448C41D56E52B00223FD4 /* tcc-swift.app */,
				CC1448DB1D56E52C00223FD4 /* tcc-swiftTests.xctest */,
				CC1448E61D56E52C00223FD4 /* tcc-swiftUITests.xctest */,
			);
			name = Products;
			sourceTree = "<group>";
		};
		CC1448C61D56E52B00223FD4 /* tcc-swift */ = {
			isa = PBXGroup;
			children = (
				CC1448FB1D56F25300223FD4 /* src */,
				CC1448C71D56E52C00223FD4 /* AppDelegate.swift */,
				CC1448C91D56E52C00223FD4 /* ViewController.swift */,
				CC1448CB1D56E52C00223FD4 /* Main.storyboard */,
				CC1448D11D56E52C00223FD4 /* Assets.xcassets */,
				CC1448D31D56E52C00223FD4 /* LaunchScreen.storyboard */,
				CC1448D61D56E52C00223FD4 /* Info.plist */,
				F15BD3721D8102F60082F633 /* GoogleService-Info.plist */,
				CC1448F81D56EE2600223FD4 /* model_tcc_swift.xcdatamodeld */,
				CC1448CE1D56E52C00223FD4 /* alternative.xcdatamodeld */,
				F14981AA1D80D23800FCCA81 /* Imports.m */,
				F14981A91D80D23700FCCA81 /* tcc-swift-Bridging-Header.h */,
			);
			path = "tcc-swift";
			sourceTree = "<group>";
		};
		CC1448DE1D56E52C00223FD4 /* tcc-swiftTests */ = {
			isa = PBXGroup;
			children = (
				CC1448DF1D56E52C00223FD4 /* tcc_swiftTests.swift */,
				CC1448E11D56E52C00223FD4 /* Info.plist */,
			);
			path = "tcc-swiftTests";
			sourceTree = "<group>";
		};
		CC1448E91D56E52C00223FD4 /* tcc-swiftUITests */ = {
			isa = PBXGroup;
			children = (
				CC1448EA1D56E52C00223FD4 /* tcc_swiftUITests.swift */,
				CC1448EC1D56E52C00223FD4 /* Info.plist */,
			);
			path = "tcc-swiftUITests";
			sourceTree = "<group>";
		};
		CC1448FB1D56F25300223FD4 /* src */ = {
			isa = PBXGroup;
			children = (
				CC1448FC1D56F25300223FD4 /* model */,
			);
			path = src;
			sourceTree = "<group>";
		};
		CC1448FC1D56F25300223FD4 /* model */ = {
			isa = PBXGroup;
			children = (
				CC1449311D56F3D100223FD4 /* Admin.swift */,
				CC1449321D56F3D100223FD4 /* Admin+CoreDataProperties.swift */,
				CC1449331D56F3D100223FD4 /* City.swift */,
				CC1449341D56F3D100223FD4 /* City+CoreDataProperties.swift */,
				CC1449351D56F3D100223FD4 /* Company.swift */,
				CC1449361D56F3D100223FD4 /* Company+CoreDataProperties.swift */,
				CC1449371D56F3D100223FD4 /* Country.swift */,
				CC1449381D56F3D100223FD4 /* Country+CoreDataProperties.swift */,
				CC1449391D56F3D100223FD4 /* Event.swift */,
				CC14493A1D56F3D100223FD4 /* Event+CoreDataProperties.swift */,
				CC14493B1D56F3D100223FD4 /* EventCategory.swift */,
				CC14493C1D56F3D100223FD4 /* EventCategory+CoreDataProperties.swift */,
				CC14493D1D56F3D100223FD4 /* EventType.swift */,
				CC14493E1D56F3D100223FD4 /* EventType+CoreDataProperties.swift */,
				CC14493F1D56F3D100223FD4 /* Guest.swift */,
				CC1449401D56F3D100223FD4 /* Guest+CoreDataProperties.swift */,
				CC1449411D56F3D100223FD4 /* GuestType.swift */,
				CC1449421D56F3D100223FD4 /* GuestType+CoreDataProperties.swift */,
				CC1449431D56F3D100223FD4 /* State.swift */,
				CC1449441D56F3D100223FD4 /* State+CoreDataProperties.swift */,
				CC1449451D56F3D100223FD4 /* User.swift */,
				CC1449461D56F3D100223FD4 /* User+CoreDataProperties.swift */,
				CC1449471D56F3D100223FD4 /* UserCompanyType.swift */,
				CC1449481D56F3D100223FD4 /* UserCompanyType+CoreDataProperties.swift */,
				CC1449491D56F3D100223FD4 /* UserType.swift */,
				CC14494A1D56F3D100223FD4 /* UserType+CoreDataProperties.swift */,
			);
			path = model;
			sourceTree = "<group>";
		};
/* End PBXGroup section */

/* Begin PBXNativeTarget section */
		CC1448C31D56E52B00223FD4 /* tcc-swift */ = {
			isa = PBXNativeTarget;
			buildConfigurationList = CC1448EF1D56E52C00223FD4 /* Build configuration list for PBXNativeTarget "tcc-swift" */;
			buildPhases = (
				A2F3560079D74B5C74596F6E /* [CP] Check Pods Manifest.lock */,
				CC1448C01D56E52B00223FD4 /* Sources */,
				CC1448C11D56E52B00223FD4 /* Frameworks */,
				CC1448C21D56E52B00223FD4 /* Resources */,
				BA766023505E97D0F2640505 /* [CP] Embed Pods Frameworks */,
				0256A292534B52C547BD9123 /* [CP] Copy Pods Resources */,
			);
			buildRules = (
			);
			dependencies = (
			);
			name = "tcc-swift";
			productName = "tcc-swift";
			productReference = CC1448C41D56E52B00223FD4 /* tcc-swift.app */;
			productType = "com.apple.product-type.application";
		};
		CC1448DA1D56E52C00223FD4 /* tcc-swiftTests */ = {
			isa = PBXNativeTarget;
			buildConfigurationList = CC1448F21D56E52C00223FD4 /* Build configuration list for PBXNativeTarget "tcc-swiftTests" */;
			buildPhases = (
				8E875A21E3ED9AA6D47D1D89 /* [CP] Check Pods Manifest.lock */,
				CC1448D71D56E52C00223FD4 /* Sources */,
				CC1448D81D56E52C00223FD4 /* Frameworks */,
				CC1448D91D56E52C00223FD4 /* Resources */,
				923A6375458E0208EA23095B /* [CP] Embed Pods Frameworks */,
				ADCEE9BDCE320B7D07D7846D /* [CP] Copy Pods Resources */,
			);
			buildRules = (
			);
			dependencies = (
				CC1448DD1D56E52C00223FD4 /* PBXTargetDependency */,
			);
			name = "tcc-swiftTests";
			productName = "tcc-swiftTests";
			productReference = CC1448DB1D56E52C00223FD4 /* tcc-swiftTests.xctest */;
			productType = "com.apple.product-type.bundle.unit-test";
		};
		CC1448E51D56E52C00223FD4 /* tcc-swiftUITests */ = {
			isa = PBXNativeTarget;
			buildConfigurationList = CC1448F51D56E52C00223FD4 /* Build configuration list for PBXNativeTarget "tcc-swiftUITests" */;
			buildPhases = (
				86D11E32697BF0B20D081B7B /* [CP] Check Pods Manifest.lock */,
				CC1448E21D56E52C00223FD4 /* Sources */,
				CC1448E31D56E52C00223FD4 /* Frameworks */,
				CC1448E41D56E52C00223FD4 /* Resources */,
				1F5E426D14DBE3B496E7CB36 /* [CP] Copy Pods Resources */,
			);
			buildRules = (
			);
			dependencies = (
				CC1448E81D56E52C00223FD4 /* PBXTargetDependency */,
			);
			name = "tcc-swiftUITests";
			productName = "tcc-swiftUITests";
			productReference = CC1448E61D56E52C00223FD4 /* tcc-swiftUITests.xctest */;
			productType = "com.apple.product-type.bundle.ui-testing";
		};
/* End PBXNativeTarget section */

/* Begin PBXProject section */
		CC1448BC1D56E52B00223FD4 /* Project object */ = {
			isa = PBXProject;
			attributes = {
				LastSwiftUpdateCheck = 0720;
				LastUpgradeCheck = 0720;
				ORGANIZATIONNAME = ifsp;
				TargetAttributes = {
					CC1448C31D56E52B00223FD4 = {
						CreatedOnToolsVersion = 7.2.1;
					};
					CC1448DA1D56E52C00223FD4 = {
						CreatedOnToolsVersion = 7.2.1;
						TestTargetID = CC1448C31D56E52B00223FD4;
					};
					CC1448E51D56E52C00223FD4 = {
						CreatedOnToolsVersion = 7.2.1;
						TestTargetID = CC1448C31D56E52B00223FD4;
					};
				};
			};
			buildConfigurationList = CC1448BF1D56E52B00223FD4 /* Build configuration list for PBXProject "tcc-swift" */;
			compatibilityVersion = "Xcode 3.2";
			developmentRegion = English;
			hasScannedForEncodings = 0;
			knownRegions = (
				en,
				Base,
			);
			mainGroup = CC1448BB1D56E52B00223FD4;
			productRefGroup = CC1448C51D56E52B00223FD4 /* Products */;
			projectDirPath = "";
			projectRoot = "";
			targets = (
				CC1448C31D56E52B00223FD4 /* tcc-swift */,
				CC1448DA1D56E52C00223FD4 /* tcc-swiftTests */,
				CC1448E51D56E52C00223FD4 /* tcc-swiftUITests */,
			);
		};
/* End PBXProject section */

/* Begin PBXResourcesBuildPhase section */
		CC1448C21D56E52B00223FD4 /* Resources */ = {
			isa = PBXResourcesBuildPhase;
			buildActionMask = 2147483647;
			files = (
				CC1448D51D56E52C00223FD4 /* LaunchScreen.storyboard in Resources */,
				F15BD3731D8102F60082F633 /* GoogleService-Info.plist in Resources */,
				CC1448D21D56E52C00223FD4 /* Assets.xcassets in Resources */,
				CC1448CD1D56E52C00223FD4 /* Main.storyboard in Resources */,
			);
			runOnlyForDeploymentPostprocessing = 0;
		};
		CC1448D91D56E52C00223FD4 /* Resources */ = {
			isa = PBXResourcesBuildPhase;
			buildActionMask = 2147483647;
			files = (
			);
			runOnlyForDeploymentPostprocessing = 0;
		};
		CC1448E41D56E52C00223FD4 /* Resources */ = {
			isa = PBXResourcesBuildPhase;
			buildActionMask = 2147483647;
			files = (
			);
			runOnlyForDeploymentPostprocessing = 0;
		};
/* End PBXResourcesBuildPhase section */

/* Begin PBXShellScriptBuildPhase section */
		0256A292534B52C547BD9123 /* [CP] Copy Pods Resources */ = {
			isa = PBXShellScriptBuildPhase;
			buildActionMask = 2147483647;
			files = (
			);
			inputPaths = (
			);
			name = "[CP] Copy Pods Resources";
			outputPaths = (
			);
			runOnlyForDeploymentPostprocessing = 0;
			shellPath = /bin/sh;
			shellScript = "\"${SRCROOT}/Pods/Target Support Files/Pods-tcc-swift/Pods-tcc-swift-resources.sh\"\n";
			showEnvVarsInLog = 0;
		};
		1F5E426D14DBE3B496E7CB36 /* [CP] Copy Pods Resources */ = {
			isa = PBXShellScriptBuildPhase;
			buildActionMask = 2147483647;
			files = (
			);
			inputPaths = (
			);
			name = "[CP] Copy Pods Resources";
			outputPaths = (
			);
			runOnlyForDeploymentPostprocessing = 0;
			shellPath = /bin/sh;
			shellScript = "\"${SRCROOT}/Pods/Target Support Files/Pods-tcc-swiftUITests/Pods-tcc-swiftUITests-resources.sh\"\n";
			showEnvVarsInLog = 0;
		};
		86D11E32697BF0B20D081B7B /* [CP] Check Pods Manifest.lock */ = {
			isa = PBXShellScriptBuildPhase;
			buildActionMask = 2147483647;
			files = (
			);
			inputPaths = (
			);
			name = "[CP] Check Pods Manifest.lock";
			outputPaths = (
			);
			runOnlyForDeploymentPostprocessing = 0;
			shellPath = /bin/sh;
			shellScript = "diff \"${PODS_ROOT}/../Podfile.lock\" \"${PODS_ROOT}/Manifest.lock\" > /dev/null\nif [[ $? != 0 ]] ; then\n    cat << EOM\nerror: The sandbox is not in sync with the Podfile.lock. Run 'pod install' or update your CocoaPods installation.\nEOM\n    exit 1\nfi\n";
			showEnvVarsInLog = 0;
		};
		8E875A21E3ED9AA6D47D1D89 /* [CP] Check Pods Manifest.lock */ = {
			isa = PBXShellScriptBuildPhase;
			buildActionMask = 2147483647;
			files = (
			);
			inputPaths = (
			);
			name = "[CP] Check Pods Manifest.lock";
			outputPaths = (
			);
			runOnlyForDeploymentPostprocessing = 0;
			shellPath = /bin/sh;
			shellScript = "diff \"${PODS_ROOT}/../Podfile.lock\" \"${PODS_ROOT}/Manifest.lock\" > /dev/null\nif [[ $? != 0 ]] ; then\n    cat << EOM\nerror: The sandbox is not in sync with the Podfile.lock. Run 'pod install' or update your CocoaPods installation.\nEOM\n    exit 1\nfi\n";
			showEnvVarsInLog = 0;
		};
		923A6375458E0208EA23095B /* [CP] Embed Pods Frameworks */ = {
			isa = PBXShellScriptBuildPhase;
			buildActionMask = 2147483647;
			files = (
			);
			inputPaths = (
			);
			name = "[CP] Embed Pods Frameworks";
			outputPaths = (
			);
			runOnlyForDeploymentPostprocessing = 0;
			shellPath = /bin/sh;
			shellScript = "\"${SRCROOT}/Pods/Target Support Files/Pods-tcc-swiftTests/Pods-tcc-swiftTests-frameworks.sh\"\n";
			showEnvVarsInLog = 0;
		};
		A2F3560079D74B5C74596F6E /* [CP] Check Pods Manifest.lock */ = {
			isa = PBXShellScriptBuildPhase;
			buildActionMask = 2147483647;
			files = (
			);
			inputPaths = (
			);
			name = "[CP] Check Pods Manifest.lock";
			outputPaths = (
			);
			runOnlyForDeploymentPostprocessing = 0;
			shellPath = /bin/sh;
			shellScript = "diff \"${PODS_ROOT}/../Podfile.lock\" \"${PODS_ROOT}/Manifest.lock\" > /dev/null\nif [[ $? != 0 ]] ; then\n    cat << EOM\nerror: The sandbox is not in sync with the Podfile.lock. Run 'pod install' or update your CocoaPods installation.\nEOM\n    exit 1\nfi\n";
			showEnvVarsInLog = 0;
		};
		ADCEE9BDCE320B7D07D7846D /* [CP] Copy Pods Resources */ = {
			isa = PBXShellScriptBuildPhase;
			buildActionMask = 2147483647;
			files = (
			);
			inputPaths = (
			);
			name = "[CP] Copy Pods Resources";
			outputPaths = (
			);
			runOnlyForDeploymentPostprocessing = 0;
			shellPath = /bin/sh;
			shellScript = "\"${SRCROOT}/Pods/Target Support Files/Pods-tcc-swiftTests/Pods-tcc-swiftTests-resources.sh\"\n";
			showEnvVarsInLog = 0;
		};
		BA766023505E97D0F2640505 /* [CP] Embed Pods Frameworks */ = {
			isa = PBXShellScriptBuildPhase;
			buildActionMask = 2147483647;
			files = (
			);
			inputPaths = (
			);
			name = "[CP] Embed Pods Frameworks";
			outputPaths = (
			);
			runOnlyForDeploymentPostprocessing = 0;
			shellPath = /bin/sh;
			shellScript = "\"${SRCROOT}/Pods/Target Support Files/Pods-tcc-swift/Pods-tcc-swift-frameworks.sh\"\n";
			showEnvVarsInLog = 0;
		};
/* End PBXShellScriptBuildPhase section */

/* Begin PBXSourcesBuildPhase section */
		CC1448C01D56E52B00223FD4 /* Sources */ = {
			isa = PBXSourcesBuildPhase;
			buildActionMask = 2147483647;
			files = (
				CC1448D01D56E52C00223FD4 /* alternative.xcdatamodeld in Sources */,
				CC14495B1D56F3D100223FD4 /* GuestType.swift in Sources */,
				CC1448FA1D56EE2600223FD4 /* model_tcc_swift.xcdatamodeld in Sources */,
				CC14495F1D56F3D100223FD4 /* User.swift in Sources */,
				CC14494F1D56F3D100223FD4 /* Company.swift in Sources */,
				CC1448CA1D56E52C00223FD4 /* ViewController.swift in Sources */,
				CC14495E1D56F3D100223FD4 /* State+CoreDataProperties.swift in Sources */,
				CC14494B1D56F3D100223FD4 /* Admin.swift in Sources */,
				CC1449551D56F3D100223FD4 /* EventCategory.swift in Sources */,
				CC14494E1D56F3D100223FD4 /* City+CoreDataProperties.swift in Sources */,
				CC1449601D56F3D100223FD4 /* User+CoreDataProperties.swift in Sources */,
				CC1449631D56F3D100223FD4 /* UserType.swift in Sources */,
				CC1449641D56F3D100223FD4 /* UserType+CoreDataProperties.swift in Sources */,
				CC1448C81D56E52C00223FD4 /* AppDelegate.swift in Sources */,
				CC14495D1D56F3D100223FD4 /* State.swift in Sources */,
				CC1449511D56F3D100223FD4 /* Country.swift in Sources */,
				F14981AB1D80D23800FCCA81 /* Imports.m in Sources */,
				CC14495C1D56F3D100223FD4 /* GuestType+CoreDataProperties.swift in Sources */,
				CC1449521D56F3D100223FD4 /* Country+CoreDataProperties.swift in Sources */,
				CC14494C1D56F3D100223FD4 /* Admin+CoreDataProperties.swift in Sources */,
				CC1449591D56F3D100223FD4 /* Guest.swift in Sources */,
				CC1449571D56F3D100223FD4 /* EventType.swift in Sources */,
				CC1449611D56F3D100223FD4 /* UserCompanyType.swift in Sources */,
				CC1449541D56F3D100223FD4 /* Event+CoreDataProperties.swift in Sources */,
				CC1449561D56F3D100223FD4 /* EventCategory+CoreDataProperties.swift in Sources */,
				CC1449621D56F3D100223FD4 /* UserCompanyType+CoreDataProperties.swift in Sources */,
				CC1449581D56F3D100223FD4 /* EventType+CoreDataProperties.swift in Sources */,
				CC14495A1D56F3D100223FD4 /* Guest+CoreDataProperties.swift in Sources */,
				CC1449501D56F3D100223FD4 /* Company+CoreDataProperties.swift in Sources */,
				CC14494D1D56F3D100223FD4 /* City.swift in Sources */,
				CC1449531D56F3D100223FD4 /* Event.swift in Sources */,
			);
			runOnlyForDeploymentPostprocessing = 0;
		};
		CC1448D71D56E52C00223FD4 /* Sources */ = {
			isa = PBXSourcesBuildPhase;
			buildActionMask = 2147483647;
			files = (
				CC1448E01D56E52C00223FD4 /* tcc_swiftTests.swift in Sources */,
			);
			runOnlyForDeploymentPostprocessing = 0;
		};
		CC1448E21D56E52C00223FD4 /* Sources */ = {
			isa = PBXSourcesBuildPhase;
			buildActionMask = 2147483647;
			files = (
				CC1448EB1D56E52C00223FD4 /* tcc_swiftUITests.swift in Sources */,
			);
			runOnlyForDeploymentPostprocessing = 0;
		};
/* End PBXSourcesBuildPhase section */

/* Begin PBXTargetDependency section */
		CC1448DD1D56E52C00223FD4 /* PBXTargetDependency */ = {
			isa = PBXTargetDependency;
			target = CC1448C31D56E52B00223FD4 /* tcc-swift */;
			targetProxy = CC1448DC1D56E52C00223FD4 /* PBXContainerItemProxy */;
		};
		CC1448E81D56E52C00223FD4 /* PBXTargetDependency */ = {
			isa = PBXTargetDependency;
			target = CC1448C31D56E52B00223FD4 /* tcc-swift */;
			targetProxy = CC1448E71D56E52C00223FD4 /* PBXContainerItemProxy */;
		};
/* End PBXTargetDependency section */

/* Begin PBXVariantGroup section */
		CC1448CB1D56E52C00223FD4 /* Main.storyboard */ = {
			isa = PBXVariantGroup;
			children = (
				CC1448CC1D56E52C00223FD4 /* Base */,
			);
			name = Main.storyboard;
			sourceTree = "<group>";
		};
		CC1448D31D56E52C00223FD4 /* LaunchScreen.storyboard */ = {
			isa = PBXVariantGroup;
			children = (
				CC1448D41D56E52C00223FD4 /* Base */,
			);
			name = LaunchScreen.storyboard;
			sourceTree = "<group>";
		};
/* End PBXVariantGroup section */

/* Begin XCBuildConfiguration section */
		CC1448ED1D56E52C00223FD4 /* Debug */ = {
			isa = XCBuildConfiguration;
			buildSettings = {
				ALWAYS_SEARCH_USER_PATHS = NO;
				CLANG_CXX_LANGUAGE_STANDARD = "gnu++0x";
				CLANG_CXX_LIBRARY = "libc++";
				CLANG_ENABLE_MODULES = YES;
				CLANG_ENABLE_OBJC_ARC = YES;
				CLANG_WARN_BOOL_CONVERSION = YES;
				CLANG_WARN_CONSTANT_CONVERSION = YES;
				CLANG_WARN_DIRECT_OBJC_ISA_USAGE = YES_ERROR;
				CLANG_WARN_EMPTY_BODY = YES;
				CLANG_WARN_ENUM_CONVERSION = YES;
				CLANG_WARN_INT_CONVERSION = YES;
				CLANG_WARN_OBJC_ROOT_CLASS = YES_ERROR;
				CLANG_WARN_UNREACHABLE_CODE = YES;
				CLANG_WARN__DUPLICATE_METHOD_MATCH = YES;
				"CODE_SIGN_IDENTITY[sdk=iphoneos*]" = "iPhone Developer";
				COPY_PHASE_STRIP = NO;
				DEBUG_INFORMATION_FORMAT = dwarf;
				ENABLE_STRICT_OBJC_MSGSEND = YES;
				ENABLE_TESTABILITY = YES;
				GCC_C_LANGUAGE_STANDARD = gnu99;
				GCC_DYNAMIC_NO_PIC = NO;
				GCC_NO_COMMON_BLOCKS = YES;
				GCC_OPTIMIZATION_LEVEL = 0;
				GCC_PREPROCESSOR_DEFINITIONS = (
					"DEBUG=1",
					"$(inherited)",
				);
				GCC_WARN_64_TO_32_BIT_CONVERSION = YES;
				GCC_WARN_ABOUT_RETURN_TYPE = YES_ERROR;
				GCC_WARN_UNDECLARED_SELECTOR = YES;
				GCC_WARN_UNINITIALIZED_AUTOS = YES_AGGRESSIVE;
				GCC_WARN_UNUSED_FUNCTION = YES;
				GCC_WARN_UNUSED_VARIABLE = YES;
				IPHONEOS_DEPLOYMENT_TARGET = 9.2;
				MTL_ENABLE_DEBUG_INFO = YES;
				ONLY_ACTIVE_ARCH = YES;
				OTHER_LDFLAGS = "-ObjC";
				SDKROOT = iphoneos;
				SWIFT_OPTIMIZATION_LEVEL = "-Onone";
				TARGETED_DEVICE_FAMILY = "1,2";
			};
			name = Debug;
		};
		CC1448EE1D56E52C00223FD4 /* Release */ = {
			isa = XCBuildConfiguration;
			buildSettings = {
				ALWAYS_SEARCH_USER_PATHS = NO;
				CLANG_CXX_LANGUAGE_STANDARD = "gnu++0x";
				CLANG_CXX_LIBRARY = "libc++";
				CLANG_ENABLE_MODULES = YES;
				CLANG_ENABLE_OBJC_ARC = YES;
				CLANG_WARN_BOOL_CONVERSION = YES;
				CLANG_WARN_CONSTANT_CONVERSION = YES;
				CLANG_WARN_DIRECT_OBJC_ISA_USAGE = YES_ERROR;
				CLANG_WARN_EMPTY_BODY = YES;
				CLANG_WARN_ENUM_CONVERSION = YES;
				CLANG_WARN_INT_CONVERSION = YES;
				CLANG_WARN_OBJC_ROOT_CLASS = YES_ERROR;
				CLANG_WARN_UNREACHABLE_CODE = YES;
				CLANG_WARN__DUPLICATE_METHOD_MATCH = YES;
				"CODE_SIGN_IDENTITY[sdk=iphoneos*]" = "iPhone Developer";
				COPY_PHASE_STRIP = NO;
				DEBUG_INFORMATION_FORMAT = "dwarf-with-dsym";
				ENABLE_NS_ASSERTIONS = NO;
				ENABLE_STRICT_OBJC_MSGSEND = YES;
				GCC_C_LANGUAGE_STANDARD = gnu99;
				GCC_NO_COMMON_BLOCKS = YES;
				GCC_WARN_64_TO_32_BIT_CONVERSION = YES;
				GCC_WARN_ABOUT_RETURN_TYPE = YES_ERROR;
				GCC_WARN_UNDECLARED_SELECTOR = YES;
				GCC_WARN_UNINITIALIZED_AUTOS = YES_AGGRESSIVE;
				GCC_WARN_UNUSED_FUNCTION = YES;
				GCC_WARN_UNUSED_VARIABLE = YES;
				IPHONEOS_DEPLOYMENT_TARGET = 9.2;
				MTL_ENABLE_DEBUG_INFO = NO;
				OTHER_LDFLAGS = "-ObjC";
				SDKROOT = iphoneos;
				TARGETED_DEVICE_FAMILY = "1,2";
				VALIDATE_PRODUCT = YES;
			};
			name = Release;
		};
		CC1448F01D56E52C00223FD4 /* Debug */ = {
			isa = XCBuildConfiguration;
			baseConfigurationReference = E538E41AD383FB336EB3A5EB /* Pods-tcc-swift.debug.xcconfig */;
			buildSettings = {
				ASSETCATALOG_COMPILER_APPICON_NAME = AppIcon;
				CLANG_ENABLE_MODULES = YES;
				FRAMEWORK_SEARCH_PATHS = (
					"$(inherited)",
					"$(PROJECT_DIR)",
				);
				INFOPLIST_FILE = "tcc-swift/Info.plist";
				IPHONEOS_DEPLOYMENT_TARGET = 9.2;
				LD_RUNPATH_SEARCH_PATHS = "$(inherited) @executable_path/Frameworks";
				PRODUCT_BUNDLE_IDENTIFIER = "tcc-swift";
				PRODUCT_NAME = "$(TARGET_NAME)";
				SWIFT_OBJC_BRIDGING_HEADER = "tcc-swift/tcc-swift-Bridging-Header.h";
				SWIFT_OPTIMIZATION_LEVEL = "-Onone";
				TARGETED_DEVICE_FAMILY = "1,2";
			};
			name = Debug;
		};
		CC1448F11D56E52C00223FD4 /* Release */ = {
			isa = XCBuildConfiguration;
			baseConfigurationReference = 35CE58DD9FFCF4FAC1765FBB /* Pods-tcc-swift.release.xcconfig */;
			buildSettings = {
				ASSETCATALOG_COMPILER_APPICON_NAME = AppIcon;
				CLANG_ENABLE_MODULES = YES;
				FRAMEWORK_SEARCH_PATHS = (
					"$(inherited)",
					"$(PROJECT_DIR)",
				);
				INFOPLIST_FILE = "tcc-swift/Info.plist";
				IPHONEOS_DEPLOYMENT_TARGET = 9.2;
				LD_RUNPATH_SEARCH_PATHS = "$(inherited) @executable_path/Frameworks";
				PRODUCT_BUNDLE_IDENTIFIER = "tcc-swift";
				PRODUCT_NAME = "$(TARGET_NAME)";
				SWIFT_OBJC_BRIDGING_HEADER = "tcc-swift/tcc-swift-Bridging-Header.h";
				TARGETED_DEVICE_FAMILY = "1,2";
			};
			name = Release;
		};
		CC1448F31D56E52C00223FD4 /* Debug */ = {
			isa = XCBuildConfiguration;
			baseConfigurationReference = CD19BE20CBBD20BB0A77A2CF /* Pods-tcc-swiftTests.debug.xcconfig */;
			buildSettings = {
				BUNDLE_LOADER = "$(TEST_HOST)";
				INFOPLIST_FILE = "tcc-swiftTests/Info.plist";
				LD_RUNPATH_SEARCH_PATHS = "$(inherited) @executable_path/Frameworks @loader_path/Frameworks";
				PRODUCT_BUNDLE_IDENTIFIER = "ifsp-tcc.com.br.tcc-swiftTests";
				PRODUCT_NAME = "$(TARGET_NAME)";
				TEST_HOST = "$(BUILT_PRODUCTS_DIR)/tcc-swift.app/tcc-swift";
			};
			name = Debug;
		};
		CC1448F41D56E52C00223FD4 /* Release */ = {
			isa = XCBuildConfiguration;
			baseConfigurationReference = BF15425DEA356B6CD5E30740 /* Pods-tcc-swiftTests.release.xcconfig */;
			buildSettings = {
				BUNDLE_LOADER = "$(TEST_HOST)";
				INFOPLIST_FILE = "tcc-swiftTests/Info.plist";
				LD_RUNPATH_SEARCH_PATHS = "$(inherited) @executable_path/Frameworks @loader_path/Frameworks";
				PRODUCT_BUNDLE_IDENTIFIER = "ifsp-tcc.com.br.tcc-swiftTests";
				PRODUCT_NAME = "$(TARGET_NAME)";
				TEST_HOST = "$(BUILT_PRODUCTS_DIR)/tcc-swift.app/tcc-swift";
			};
			name = Release;
		};
		CC1448F61D56E52C00223FD4 /* Debug */ = {
			isa = XCBuildConfiguration;
			baseConfigurationReference = 5784C002003AB6766C3C7839 /* Pods-tcc-swiftUITests.debug.xcconfig */;
			buildSettings = {
				INFOPLIST_FILE = "tcc-swiftUITests/Info.plist";
				LD_RUNPATH_SEARCH_PATHS = "$(inherited) @executable_path/Frameworks @loader_path/Frameworks";
				PRODUCT_BUNDLE_IDENTIFIER = "ifsp-tcc.com.br.tcc-swiftUITests";
				PRODUCT_NAME = "$(TARGET_NAME)";
				TEST_TARGET_NAME = "tcc-swift";
				USES_XCTRUNNER = YES;
			};
			name = Debug;
		};
		CC1448F71D56E52C00223FD4 /* Release */ = {
			isa = XCBuildConfiguration;
			baseConfigurationReference = 5CB080E3CFAB3746324885EB /* Pods-tcc-swiftUITests.release.xcconfig */;
			buildSettings = {
				INFOPLIST_FILE = "tcc-swiftUITests/Info.plist";
				LD_RUNPATH_SEARCH_PATHS = "$(inherited) @executable_path/Frameworks @loader_path/Frameworks";
				PRODUCT_BUNDLE_IDENTIFIER = "ifsp-tcc.com.br.tcc-swiftUITests";
				PRODUCT_NAME = "$(TARGET_NAME)";
				TEST_TARGET_NAME = "tcc-swift";
				USES_XCTRUNNER = YES;
			};
			name = Release;
		};
/* End XCBuildConfiguration section */

/* Begin XCConfigurationList section */
		CC1448BF1D56E52B00223FD4 /* Build configuration list for PBXProject "tcc-swift" */ = {
			isa = XCConfigurationList;
			buildConfigurations = (
				CC1448ED1D56E52C00223FD4 /* Debug */,
				CC1448EE1D56E52C00223FD4 /* Release */,
			);
			defaultConfigurationIsVisible = 0;
			defaultConfigurationName = Release;
		};
		CC1448EF1D56E52C00223FD4 /* Build configuration list for PBXNativeTarget "tcc-swift" */ = {
			isa = XCConfigurationList;
			buildConfigurations = (
				CC1448F01D56E52C00223FD4 /* Debug */,
				CC1448F11D56E52C00223FD4 /* Release */,
			);
			defaultConfigurationIsVisible = 0;
			defaultConfigurationName = Release;
		};
		CC1448F21D56E52C00223FD4 /* Build configuration list for PBXNativeTarget "tcc-swiftTests" */ = {
			isa = XCConfigurationList;
			buildConfigurations = (
				CC1448F31D56E52C00223FD4 /* Debug */,
				CC1448F41D56E52C00223FD4 /* Release */,
			);
			defaultConfigurationIsVisible = 0;
			defaultConfigurationName = Release;
		};
		CC1448F51D56E52C00223FD4 /* Build configuration list for PBXNativeTarget "tcc-swiftUITests" */ = {
			isa = XCConfigurationList;
			buildConfigurations = (
				CC1448F61D56E52C00223FD4 /* Debug */,
				CC1448F71D56E52C00223FD4 /* Release */,
			);
			defaultConfigurationIsVisible = 0;
			defaultConfigurationName = Release;
		};
/* End XCConfigurationList section */

/* Begin XCVersionGroup section */
		CC1448CE1D56E52C00223FD4 /* alternative.xcdatamodeld */ = {
			isa = XCVersionGroup;
			children = (
				CC1448CF1D56E52C00223FD4 /* alternative.xcdatamodel */,
			);
			currentVersion = CC1448CF1D56E52C00223FD4 /* alternative.xcdatamodel */;
			path = alternative.xcdatamodeld;
			sourceTree = "<group>";
			versionGroupType = wrapper.xcdatamodel;
		};
		CC1448F81D56EE2600223FD4 /* model_tcc_swift.xcdatamodeld */ = {
			isa = XCVersionGroup;
			children = (
				CC1448F91D56EE2600223FD4 /* model_tcc_swift.xcdatamodel */,
			);
			currentVersion = CC1448F91D56EE2600223FD4 /* model_tcc_swift.xcdatamodel */;
			path = model_tcc_swift.xcdatamodeld;
			sourceTree = "<group>";
			versionGroupType = wrapper.xcdatamodel;
		};
/* End XCVersionGroup section */
	};
	rootObject = CC1448BC1D56E52B00223FD4 /* Project object */;
}
